
Microsoft Visual Studio Solution File, Format Version 12.00
# Visual Studio 14
VisualStudioVersion = 14.0.23107.0
MinimumVisualStudioVersion = 10.0.40219.1
Project("{FAE04EC0-301F-11D3-BF4B-00C04F79EFBC}") = "Students.App", "Students.App\Students.App.csproj", "{1BC0E6F4-983C-420E-BD52-BEE8EE17C535}"
EndProject
Project("{FAE04EC0-301F-11D3-BF4B-00C04F79EFBC}") = "Students.Code", "Students.Code\Students.Code.csproj", "{6B1B8BE4-1C21-4CE1-A1C3-A27E19FC3E31}"
EndProject
Global
	GlobalSection(SolutionConfigurationPlatforms) = preSolution
		Debug|Any CPU = Debug|Any CPU
		Release|Any CPU = Release|Any CPU
	EndGlobalSection
	GlobalSection(ProjectConfigurationPlatforms) = postSolution
		{1BC0E6F4-983C-420E-BD52-BEE8EE17C535}.Debug|Any CPU.ActiveCfg = Debug|Any CPU
		{1BC0E6F4-983C-420E-BD52-BEE8EE17C535}.Debug|Any CPU.Build.0 = Debug|Any CPU
		{1BC0E6F4-983C-420E-BD52-BEE8EE17C535}.Release|Any CPU.ActiveCfg = Release|Any CPU
		{1BC0E6F4-983C-420E-BD52-BEE8EE17C535}.Release|Any CPU.Build.0 = Release|Any CPU
		{6B1B8BE4-1C21-4CE1-A1C3-A27E19FC3E31}.Debug|Any CPU.ActiveCfg = Debug|Any CPU
		{6B1B8BE4-1C21-4CE1-A1C3-A27E19FC3E31}.Debug|Any CPU.Build.0 = Debug|Any CPU
		{6B1B8BE4-1C21-4CE1-A1C3-A27E19FC3E31}.Release|Any CPU.ActiveCfg = Release|Any CPU
		{6B1B8BE4-1C21-4CE1-A1C3-A27E19FC3E31}.Release|Any CPU.Build.0 = Release|Any CPU
	EndGlobalSection
	GlobalSection(SolutionProperties) = preSolution
		HideSolutionNode = FALSE
	EndGlobalSection
EndGlobal
